
Microsoft Visual Studio Solution File, Format Version 12.00
# Visual Studio 14
VisualStudioVersion = 14.0.25420.1
MinimumVisualStudioVersion = 10.0.40219.1
Project("{8BC9CEB8-8B4A-11D0-8D11-00A0C91BC942}") = "HelloSocket", "HelloSocket\HelloSocket.vcxproj", "{BDE67393-7995-4DF1-AA2F-0D2BC6771649}"
EndProject
Project("{8BC9CEB8-8B4A-11D0-8D11-00A0C91BC942}") = "EasyTcpServer", "EasyTcpServer\EasyTcpServer.vcxproj", "{6B8C6C58-55D2-42B1-8443-48CDB4879C74}"
EndProject
Project("{8BC9CEB8-8B4A-11D0-8D11-00A0C91BC942}") = "EasyTcpClient", "EasyTcpClient\EasyTcpClient.vcxproj", "{00A94AED-75E1-4969-96AF-89692E9354BF}"
EndProject
Project("{8BC9CEB8-8B4A-11D0-8D11-00A0C91BC942}") = "CPPNet", "CPPNet\CPPNet.vcxproj", "{213F5EDB-E297-47EA-8696-D36571659F88}"
EndProject
Project("{8BC9CEB8-8B4A-11D0-8D11-00A0C91BC942}") = "HelloIOCP", "HelloIOCP\HelloIOCP.vcxproj", "{8A6F82CC-7AED-4FC9-8E20-B0BA7B994A9D}"
EndProject
Project("{8BC9CEB8-8B4A-11D0-8D11-00A0C91BC942}") = "HelloMemory", "HelloMemory\HelloMemory.vcxproj", "{71FE7896-1390-4B70-9852-29AE403DBC0D}"
EndProject
Global
	GlobalSection(SolutionConfigurationPlatforms) = preSolution
		Debug|ARM = Debug|ARM
		Debug|ARM64 = Debug|ARM64
		Debug|x64 = Debug|x64
		Debug|x86 = Debug|x86
		Release|ARM = Release|ARM
		Release|ARM64 = Release|ARM64
		Release|x64 = Release|x64
		Release|x86 = Release|x86
	EndGlobalSection
	GlobalSection(ProjectConfigurationPlatforms) = postSolution
		{BDE67393-7995-4DF1-AA2F-0D2BC6771649}.Debug|ARM.ActiveCfg = Debug|Win32
		{BDE67393-7995-4DF1-AA2F-0D2BC6771649}.Debug|ARM64.ActiveCfg = Debug|Win32
		{BDE67393-7995-4DF1-AA2F-0D2BC6771649}.Debug|x64.ActiveCfg = Debug|x64
		{BDE67393-7995-4DF1-AA2F-0D2BC6771649}.Debug|x64.Build.0 = Debug|x64
		{BDE67393-7995-4DF1-AA2F-0D2BC6771649}.Debug|x86.ActiveCfg = Debug|Win32
		{BDE67393-7995-4DF1-AA2F-0D2BC6771649}.Debug|x86.Build.0 = Debug|Win32
		{BDE67393-7995-4DF1-AA2F-0D2BC6771649}.Release|ARM.ActiveCfg = Release|Win32
		{BDE67393-7995-4DF1-AA2F-0D2BC6771649}.Release|ARM64.ActiveCfg = Release|Win32
		{BDE67393-7995-4DF1-AA2F-0D2BC6771649}.Release|x64.ActiveCfg = Release|x64
		{BDE67393-7995-4DF1-AA2F-0D2BC6771649}.Release|x64.Build.0 = Release|x64
		{BDE67393-7995-4DF1-AA2F-0D2BC6771649}.Release|x86.ActiveCfg = Release|Win32
		{BDE67393-7995-4DF1-AA2F-0D2BC6771649}.Release|x86.Build.0 = Release|Win32
		{6B8C6C58-55D2-42B1-8443-48CDB4879C74}.Debug|ARM.ActiveCfg = Debug|Win32
		{6B8C6C58-55D2-42B1-8443-48CDB4879C74}.Debug|ARM64.ActiveCfg = Debug|Win32
		{6B8C6C58-55D2-42B1-8443-48CDB4879C74}.Debug|x64.ActiveCfg = Debug|x64
		{6B8C6C58-55D2-42B1-8443-48CDB4879C74}.Debug|x64.Build.0 = Debug|x64
		{6B8C6C58-55D2-42B1-8443-48CDB4879C74}.Debug|x86.ActiveCfg = Debug|Win32
		{6B8C6C58-55D2-42B1-8443-48CDB4879C74}.Debug|x86.Build.0 = Debug|Win32
		{6B8C6C58-55D2-42B1-8443-48CDB4879C74}.Release|ARM.ActiveCfg = Release|Win32
		{6B8C6C58-55D2-42B1-8443-48CDB4879C74}.Release|ARM64.ActiveCfg = Release|Win32
		{6B8C6C58-55D2-42B1-8443-48CDB4879C74}.Release|x64.ActiveCfg = Release|x64
		{6B8C6C58-55D2-42B1-8443-48CDB4879C74}.Release|x64.Build.0 = Release|x64
		{6B8C6C58-55D2-42B1-8443-48CDB4879C74}.Release|x86.ActiveCfg = Release|Win32
		{6B8C6C58-55D2-42B1-8443-48CDB4879C74}.Release|x86.Build.0 = Release|Win32
		{00A94AED-75E1-4969-96AF-89692E9354BF}.Debug|ARM.ActiveCfg = Debug|Win32
		{00A94AED-75E1-4969-96AF-89692E9354BF}.Debug|ARM64.ActiveCfg = Debug|Win32
		{00A94AED-75E1-4969-96AF-89692E9354BF}.Debug|x64.ActiveCfg = Debug|x64
		{00A94AED-75E1-4969-96AF-89692E9354BF}.Debug|x64.Build.0 = Debug|x64
		{00A94AED-75E1-4969-96AF-89692E9354BF}.Debug|x86.ActiveCfg = Debug|Win32
		{00A94AED-75E1-4969-96AF-89692E9354BF}.Debug|x86.Build.0 = Debug|Win32
		{00A94AED-75E1-4969-96AF-89692E9354BF}.Release|ARM.ActiveCfg = Release|Win32
		{00A94AED-75E1-4969-96AF-89692E9354BF}.Release|ARM64.ActiveCfg = Release|Win32
		{00A94AED-75E1-4969-96AF-89692E9354BF}.Release|x64.ActiveCfg = Release|x64
		{00A94AED-75E1-4969-96AF-89692E9354BF}.Release|x64.Build.0 = Release|x64
		{00A94AED-75E1-4969-96AF-89692E9354BF}.Release|x86.ActiveCfg = Release|Win32
		{00A94AED-75E1-4969-96AF-89692E9354BF}.Release|x86.Build.0 = Release|Win32
		{213F5EDB-E297-47EA-8696-D36571659F88}.Debug|ARM.ActiveCfg = Debug|Win32
		{213F5EDB-E297-47EA-8696-D36571659F88}.Debug|ARM64.ActiveCfg = Debug|Win32
		{213F5EDB-E297-47EA-8696-D36571659F88}.Debug|x64.ActiveCfg = Debug|x64
		{213F5EDB-E297-47EA-8696-D36571659F88}.Debug|x64.Build.0 = Debug|x64
		{213F5EDB-E297-47EA-8696-D36571659F88}.Debug|x86.ActiveCfg = Debug|Win32
		{213F5EDB-E297-47EA-8696-D36571659F88}.Debug|x86.Build.0 = Debug|Win32
		{213F5EDB-E297-47EA-8696-D36571659F88}.Release|ARM.ActiveCfg = Release|Win32
		{213F5EDB-E297-47EA-8696-D36571659F88}.Release|ARM64.ActiveCfg = Release|Win32
		{213F5EDB-E297-47EA-8696-D36571659F88}.Release|x64.ActiveCfg = Release|x64
		{213F5EDB-E297-47EA-8696-D36571659F88}.Release|x64.Build.0 = Release|x64
		{213F5EDB-E297-47EA-8696-D36571659F88}.Release|x86.ActiveCfg = Release|Win32
		{213F5EDB-E297-47EA-8696-D36571659F88}.Release|x86.Build.0 = Release|Win32
		{8A6F82CC-7AED-4FC9-8E20-B0BA7B994A9D}.Debug|ARM.ActiveCfg = Debug|Win32
		{8A6F82CC-7AED-4FC9-8E20-B0BA7B994A9D}.Debug|ARM64.ActiveCfg = Debug|Win32
		{8A6F82CC-7AED-4FC9-8E20-B0BA7B994A9D}.Debug|x64.ActiveCfg = Debug|x64
		{8A6F82CC-7AED-4FC9-8E20-B0BA7B994A9D}.Debug|x64.Build.0 = Debug|x64
		{8A6F82CC-7AED-4FC9-8E20-B0BA7B994A9D}.Debug|x86.ActiveCfg = Debug|Win32
		{8A6F82CC-7AED-4FC9-8E20-B0BA7B994A9D}.Debug|x86.Build.0 = Debug|Win32
		{8A6F82CC-7AED-4FC9-8E20-B0BA7B994A9D}.Release|ARM.ActiveCfg = Release|Win32
		{8A6F82CC-7AED-4FC9-8E20-B0BA7B994A9D}.Release|ARM64.ActiveCfg = Release|Win32
		{8A6F82CC-7AED-4FC9-8E20-B0BA7B994A9D}.Release|x64.ActiveCfg = Release|x64
		{8A6F82CC-7AED-4FC9-8E20-B0BA7B994A9D}.Release|x64.Build.0 = Release|x64
		{8A6F82CC-7AED-4FC9-8E20-B0BA7B994A9D}.Release|x86.ActiveCfg = Release|Win32
		{8A6F82CC-7AED-4FC9-8E20-B0BA7B994A9D}.Release|x86.Build.0 = Release|Win32
		{71FE7896-1390-4B70-9852-29AE403DBC0D}.Debug|ARM.ActiveCfg = Debug|Win32
		{71FE7896-1390-4B70-9852-29AE403DBC0D}.Debug|ARM64.ActiveCfg = Debug|Win32
		{71FE7896-1390-4B70-9852-29AE403DBC0D}.Debug|x64.ActiveCfg = Debug|x64
		{71FE7896-1390-4B70-9852-29AE403DBC0D}.Debug|x64.Build.0 = Debug|x64
		{71FE7896-1390-4B70-9852-29AE403DBC0D}.Debug|x86.ActiveCfg = Debug|Win32
		{71FE7896-1390-4B70-9852-29AE403DBC0D}.Debug|x86.Build.0 = Debug|Win32
		{71FE7896-1390-4B70-9852-29AE403DBC0D}.Release|ARM.ActiveCfg = Release|Win32
		{71FE7896-1390-4B70-9852-29AE403DBC0D}.Release|ARM64.ActiveCfg = Release|Win32
		{71FE7896-1390-4B70-9852-29AE403DBC0D}.Release|x64.ActiveCfg = Release|x64
		{71FE7896-1390-4B70-9852-29AE403DBC0D}.Release|x64.Build.0 = Release|x64
		{71FE7896-1390-4B70-9852-29AE403DBC0D}.Release|x86.ActiveCfg = Release|Win32
		{71FE7896-1390-4B70-9852-29AE403DBC0D}.Release|x86.Build.0 = Release|Win32
	EndGlobalSection
	GlobalSection(SolutionProperties) = preSolution
		HideSolutionNode = FALSE
	EndGlobalSection
EndGlobal
